
Microsoft Visual Studio Solution File, Format Version 12.00
# Visual Studio Version 16
VisualStudioVersion = 16.0.31410.357
MinimumVisualStudioVersion = 10.0.40219.1
Project("{FAE04EC0-301F-11D3-BF4B-00C04F79EFBC}") = "BowlingExample", "BowlingExample\BowlingExample.csproj", "{01FEC1D6-8E66-4A8C-B361-33D3021EE2F0}"
EndProject
Global
	GlobalSection(SolutionConfigurationPlatforms) = preSolution
		Debug|Any CPU = Debug|Any CPU
		Release|Any CPU = Release|Any CPU
	EndGlobalSection
	GlobalSection(ProjectConfigurationPlatforms) = postSolution
		{01FEC1D6-8E66-4A8C-B361-33D3021EE2F0}.Debug|Any CPU.ActiveCfg = Debug|Any CPU
		{01FEC1D6-8E66-4A8C-B361-33D3021EE2F0}.Debug|Any CPU.Build.0 = Debug|Any CPU
		{01FEC1D6-8E66-4A8C-B361-33D3021EE2F0}.Release|Any CPU.ActiveCfg = Release|Any CPU
		{01FEC1D6-8E66-4A8C-B361-33D3021EE2F0}.Release|Any CPU.Build.0 = Release|Any CPU
	EndGlobalSection
	GlobalSection(SolutionProperties) = preSolution
		HideSolutionNode = FALSE
	EndGlobalSection
	GlobalSection(ExtensibilityGlobals) = postSolution
		SolutionGuid = {F419BB81-CF2E-4555-B469-A813C51EC03C}
	EndGlobalSection
EndGlobal
